
Microsoft Visual Studio Solution File, Format Version 12.00
# Visual Studio Version 17
VisualStudioVersion = 17.9.34714.143
MinimumVisualStudioVersion = 10.0.40219.1
Project("{FAE04EC0-301F-11D3-BF4B-00C04F79EFBC}") = "HW3_04", "HW3_04.csproj", "{88789FCA-C686-47C7-940B-686C0B17413A}"
EndProject
Global
	GlobalSection(SolutionConfigurationPlatforms) = preSolution
		Debug|Any CPU = Debug|Any CPU
		Release|Any CPU = Release|Any CPU
	EndGlobalSection
	GlobalSection(ProjectConfigurationPlatforms) = postSolution
		{88789FCA-C686-47C7-940B-686C0B17413A}.Debug|Any CPU.ActiveCfg = Debug|Any CPU
		{88789FCA-C686-47C7-940B-686C0B17413A}.Debug|Any CPU.Build.0 = Debug|Any CPU
		{88789FCA-C686-47C7-940B-686C0B17413A}.Release|Any CPU.ActiveCfg = Release|Any CPU
		{88789FCA-C686-47C7-940B-686C0B17413A}.Release|Any CPU.Build.0 = Release|Any CPU
	EndGlobalSection
	GlobalSection(SolutionProperties) = preSolution
		HideSolutionNode = FALSE
	EndGlobalSection
	GlobalSection(ExtensibilityGlobals) = postSolution
		SolutionGuid = {C0102E01-BA63-4BC5-B618-79F1B00BE231}
	EndGlobalSection
EndGlobal
