
Microsoft Visual Studio Solution File, Format Version 12.00
# Visual Studio Version 17
VisualStudioVersion = 17.9.34714.143
MinimumVisualStudioVersion = 10.0.40219.1
Project("{FAE04EC0-301F-11D3-BF4B-00C04F79EFBC}") = "WinFormsApp1", "WinFormsApp1.csproj", "{FB57E5BA-E1B1-4043-9892-040427F20453}"
EndProject
Global
	GlobalSection(SolutionConfigurationPlatforms) = preSolution
		Debug|Any CPU = Debug|Any CPU
		Release|Any CPU = Release|Any CPU
	EndGlobalSection
	GlobalSection(ProjectConfigurationPlatforms) = postSolution
		{FB57E5BA-E1B1-4043-9892-040427F20453}.Debug|Any CPU.ActiveCfg = Debug|Any CPU
		{FB57E5BA-E1B1-4043-9892-040427F20453}.Debug|Any CPU.Build.0 = Debug|Any CPU
		{FB57E5BA-E1B1-4043-9892-040427F20453}.Release|Any CPU.ActiveCfg = Release|Any CPU
		{FB57E5BA-E1B1-4043-9892-040427F20453}.Release|Any CPU.Build.0 = Release|Any CPU
	EndGlobalSection
	GlobalSection(SolutionProperties) = preSolution
		HideSolutionNode = FALSE
	EndGlobalSection
	GlobalSection(ExtensibilityGlobals) = postSolution
		SolutionGuid = {616902D3-B80E-459E-8DAD-0D4C5138393E}
	EndGlobalSection
EndGlobal
