
Microsoft Visual Studio Solution File, Format Version 12.00
# Visual Studio Version 17
VisualStudioVersion = 17.9.34714.143
MinimumVisualStudioVersion = 10.0.40219.1
Project("{FAE04EC0-301F-11D3-BF4B-00C04F79EFBC}") = "WindowsFormsApp1", "WindowsFormsApp1.csproj", "{9FE164C1-F9C9-4667-A56C-A0686B40384F}"
EndProject
Global
	GlobalSection(SolutionConfigurationPlatforms) = preSolution
		Debug|Any CPU = Debug|Any CPU
		Release|Any CPU = Release|Any CPU
	EndGlobalSection
	GlobalSection(ProjectConfigurationPlatforms) = postSolution
		{9FE164C1-F9C9-4667-A56C-A0686B40384F}.Debug|Any CPU.ActiveCfg = Debug|Any CPU
		{9FE164C1-F9C9-4667-A56C-A0686B40384F}.Debug|Any CPU.Build.0 = Debug|Any CPU
		{9FE164C1-F9C9-4667-A56C-A0686B40384F}.Release|Any CPU.ActiveCfg = Release|Any CPU
		{9FE164C1-F9C9-4667-A56C-A0686B40384F}.Release|Any CPU.Build.0 = Release|Any CPU
	EndGlobalSection
	GlobalSection(SolutionProperties) = preSolution
		HideSolutionNode = FALSE
	EndGlobalSection
	GlobalSection(ExtensibilityGlobals) = postSolution
		SolutionGuid = {2C1768B4-89D9-4276-A2AC-D2A6A77DCA66}
	EndGlobalSection
EndGlobal
